
Microsoft Visual Studio Solution File, Format Version 12.00
# Visual Studio Version 17
VisualStudioVersion = 17.3.32819.101
MinimumVisualStudioVersion = 10.0.40219.1
Project("{9A19103F-16F7-4668-BE54-9A1E7A4F7556}") = "JaguarPortal.Web", "JaguarPortal.Web\JaguarPortal.Web.csproj", "{1C86EA97-4967-4FC9-B1D9-804883385AC2}"
EndProject
Project("{9A19103F-16F7-4668-BE54-9A1E7A4F7556}") = "JaguarPortal.WebApi.Models", "JaguarPortal.WebApi.Models\JaguarPortal.WebApi.Models.csproj", "{B7E26C10-D5CC-4BEF-8163-5F78EAEB22DD}"
EndProject
Project("{FAE04EC0-301F-11D3-BF4B-00C04F79EFBC}") = "JaguarPortal.WebApi.Client", "JaguarPortal.WebApi.Client\JaguarPortal.WebApi.Client.csproj", "{F471E104-5458-468C-8AA5-056875881840}"
EndProject
Global
	GlobalSection(SolutionConfigurationPlatforms) = preSolution
		Debug|Any CPU = Debug|Any CPU
		Release|Any CPU = Release|Any CPU
	EndGlobalSection
	GlobalSection(ProjectConfigurationPlatforms) = postSolution
		{1C86EA97-4967-4FC9-B1D9-804883385AC2}.Debug|Any CPU.ActiveCfg = Debug|Any CPU
		{1C86EA97-4967-4FC9-B1D9-804883385AC2}.Debug|Any CPU.Build.0 = Debug|Any CPU
		{1C86EA97-4967-4FC9-B1D9-804883385AC2}.Release|Any CPU.ActiveCfg = Release|Any CPU
		{1C86EA97-4967-4FC9-B1D9-804883385AC2}.Release|Any CPU.Build.0 = Release|Any CPU
		{B7E26C10-D5CC-4BEF-8163-5F78EAEB22DD}.Debug|Any CPU.ActiveCfg = Debug|Any CPU
		{B7E26C10-D5CC-4BEF-8163-5F78EAEB22DD}.Debug|Any CPU.Build.0 = Debug|Any CPU
		{B7E26C10-D5CC-4BEF-8163-5F78EAEB22DD}.Release|Any CPU.ActiveCfg = Release|Any CPU
		{B7E26C10-D5CC-4BEF-8163-5F78EAEB22DD}.Release|Any CPU.Build.0 = Release|Any CPU
		{F471E104-5458-468C-8AA5-056875881840}.Debug|Any CPU.ActiveCfg = Debug|Any CPU
		{F471E104-5458-468C-8AA5-056875881840}.Debug|Any CPU.Build.0 = Debug|Any CPU
		{F471E104-5458-468C-8AA5-056875881840}.Release|Any CPU.ActiveCfg = Release|Any CPU
		{F471E104-5458-468C-8AA5-056875881840}.Release|Any CPU.Build.0 = Release|Any CPU
	EndGlobalSection
	GlobalSection(SolutionProperties) = preSolution
		HideSolutionNode = FALSE
	EndGlobalSection
	GlobalSection(ExtensibilityGlobals) = postSolution
		SolutionGuid = {DDAD55D3-3752-404A-90C1-E186A7809459}
	EndGlobalSection
EndGlobal
