
Microsoft Visual Studio Solution File, Format Version 12.00
# Visual Studio Version 17
VisualStudioVersion = 17.1.32328.378
MinimumVisualStudioVersion = 10.0.40219.1
Project("{9A19103F-16F7-4668-BE54-9A1E7A4F7556}") = "JaguarWebAPI", "JaguarWebAPI\JaguarWebAPI.csproj", "{24E16508-FB79-4F0C-8999-81F2284A0C1A}"
EndProject
Project("{9A19103F-16F7-4668-BE54-9A1E7A4F7556}") = "JaguarWeb", "JaguarWeb\JaguarWeb.csproj", "{EFCD6508-F81C-4795-95CD-7AFC31331629}"
EndProject
Global
	GlobalSection(SolutionConfigurationPlatforms) = preSolution
		Debug|Any CPU = Debug|Any CPU
		Release|Any CPU = Release|Any CPU
	EndGlobalSection
	GlobalSection(ProjectConfigurationPlatforms) = postSolution
		{24E16508-FB79-4F0C-8999-81F2284A0C1A}.Debug|Any CPU.ActiveCfg = Debug|Any CPU
		{24E16508-FB79-4F0C-8999-81F2284A0C1A}.Debug|Any CPU.Build.0 = Debug|Any CPU
		{24E16508-FB79-4F0C-8999-81F2284A0C1A}.Release|Any CPU.ActiveCfg = Release|Any CPU
		{24E16508-FB79-4F0C-8999-81F2284A0C1A}.Release|Any CPU.Build.0 = Release|Any CPU
		{EFCD6508-F81C-4795-95CD-7AFC31331629}.Debug|Any CPU.ActiveCfg = Debug|Any CPU
		{EFCD6508-F81C-4795-95CD-7AFC31331629}.Debug|Any CPU.Build.0 = Debug|Any CPU
		{EFCD6508-F81C-4795-95CD-7AFC31331629}.Release|Any CPU.ActiveCfg = Release|Any CPU
		{EFCD6508-F81C-4795-95CD-7AFC31331629}.Release|Any CPU.Build.0 = Release|Any CPU
	EndGlobalSection
	GlobalSection(SolutionProperties) = preSolution
		HideSolutionNode = FALSE
	EndGlobalSection
	GlobalSection(ExtensibilityGlobals) = postSolution
		SolutionGuid = {02473130-FDBE-4587-9AD2-BCA115F43B9A}
	EndGlobalSection
EndGlobal
