
Microsoft Visual Studio Solution File, Format Version 12.00
# Visual Studio Version 17
VisualStudioVersion = 17.3.32819.101
MinimumVisualStudioVersion = 10.0.40219.1
Project("{9A19103F-16F7-4668-BE54-9A1E7A4F7556}") = "JaguarPortal.Core", "JaguarPortal.Core\JaguarPortal.Core.csproj", "{83DE2DE5-D8C2-4B03-9769-640052EA5202}"
EndProject
Project("{9A19103F-16F7-4668-BE54-9A1E7A4F7556}") = "JaguarPortal.WebApi", "JaguarPortal.WebApi\JaguarPortal.WebApi.csproj", "{F2761240-35EC-4FE2-89E2-45CF35EB2C9E}"
EndProject
Project("{9A19103F-16F7-4668-BE54-9A1E7A4F7556}") = "JaguarPortal.Services", "JaguarPortal.Services\JaguarPortal.Services.csproj", "{031F3953-880B-4F15-8E95-DD96555ECA75}"
EndProject
Project("{9A19103F-16F7-4668-BE54-9A1E7A4F7556}") = "JaguarPortal.Infrastructure", "JaguarPortal.Infrastructure\JaguarPortal.Infrastructure.csproj", "{86992D28-75EC-4525-8FDE-3551E5C404FE}"
EndProject
Project("{FAE04EC0-301F-11D3-BF4B-00C04F79EFBC}") = "JaguarPortal.WebApi.Models", "JaguarPortal.WebApi.Models\JaguarPortal.WebApi.Models.csproj", "{C2B15FCB-2A1C-4B41-80BC-7E8126BE4150}"
EndProject
Global
	GlobalSection(SolutionConfigurationPlatforms) = preSolution
		Debug|Any CPU = Debug|Any CPU
		Release|Any CPU = Release|Any CPU
	EndGlobalSection
	GlobalSection(ProjectConfigurationPlatforms) = postSolution
		{83DE2DE5-D8C2-4B03-9769-640052EA5202}.Debug|Any CPU.ActiveCfg = Debug|Any CPU
		{83DE2DE5-D8C2-4B03-9769-640052EA5202}.Debug|Any CPU.Build.0 = Debug|Any CPU
		{83DE2DE5-D8C2-4B03-9769-640052EA5202}.Release|Any CPU.ActiveCfg = Release|Any CPU
		{83DE2DE5-D8C2-4B03-9769-640052EA5202}.Release|Any CPU.Build.0 = Release|Any CPU
		{F2761240-35EC-4FE2-89E2-45CF35EB2C9E}.Debug|Any CPU.ActiveCfg = Debug|Any CPU
		{F2761240-35EC-4FE2-89E2-45CF35EB2C9E}.Debug|Any CPU.Build.0 = Debug|Any CPU
		{F2761240-35EC-4FE2-89E2-45CF35EB2C9E}.Release|Any CPU.ActiveCfg = Release|Any CPU
		{F2761240-35EC-4FE2-89E2-45CF35EB2C9E}.Release|Any CPU.Build.0 = Release|Any CPU
		{031F3953-880B-4F15-8E95-DD96555ECA75}.Debug|Any CPU.ActiveCfg = Debug|Any CPU
		{031F3953-880B-4F15-8E95-DD96555ECA75}.Debug|Any CPU.Build.0 = Debug|Any CPU
		{031F3953-880B-4F15-8E95-DD96555ECA75}.Release|Any CPU.ActiveCfg = Release|Any CPU
		{031F3953-880B-4F15-8E95-DD96555ECA75}.Release|Any CPU.Build.0 = Release|Any CPU
		{86992D28-75EC-4525-8FDE-3551E5C404FE}.Debug|Any CPU.ActiveCfg = Debug|Any CPU
		{86992D28-75EC-4525-8FDE-3551E5C404FE}.Debug|Any CPU.Build.0 = Debug|Any CPU
		{86992D28-75EC-4525-8FDE-3551E5C404FE}.Release|Any CPU.ActiveCfg = Release|Any CPU
		{86992D28-75EC-4525-8FDE-3551E5C404FE}.Release|Any CPU.Build.0 = Release|Any CPU
		{C2B15FCB-2A1C-4B41-80BC-7E8126BE4150}.Debug|Any CPU.ActiveCfg = Debug|Any CPU
		{C2B15FCB-2A1C-4B41-80BC-7E8126BE4150}.Debug|Any CPU.Build.0 = Debug|Any CPU
		{C2B15FCB-2A1C-4B41-80BC-7E8126BE4150}.Release|Any CPU.ActiveCfg = Release|Any CPU
		{C2B15FCB-2A1C-4B41-80BC-7E8126BE4150}.Release|Any CPU.Build.0 = Release|Any CPU
	EndGlobalSection
	GlobalSection(SolutionProperties) = preSolution
		HideSolutionNode = FALSE
	EndGlobalSection
	GlobalSection(ExtensibilityGlobals) = postSolution
		SolutionGuid = {AAA31631-DA20-4108-BCDC-22E32603A760}
	EndGlobalSection
EndGlobal
